<?xml version="1.0" encoding="utf-8"?>
<Project ToolsVersion="4.0" xmlns="http://schemas.microsoft.com/developer/msbuild/2003">
  <ItemGroup>
    <ClCompile Include="main.cpp" />
    <ClCompile Include="src\shader.cpp">
      <Filter>src</Filter>
    </ClCompile>
    <ClCompile Include="src\texture.cpp">
      <Filter>src</Filter>
    </ClCompile>
    <ClCompile Include="src\mesh.cpp">
      <Filter>src</Filter>
    </ClCompile>
  </ItemGroup>
  <ItemGroup>
    <Filter Include="include">
      <UniqueIdentifier>{4c5df252-5f03-41c3-ab80-a3a7f7726e64}</UniqueIdentifier>
    </Filter>
    <Filter Include="src">
      <UniqueIdentifier>{a119d012-e360-4058-b8f3-da1e6834b123}</UniqueIdentifier>
    </Filter>
    <Filter Include="shaders">
      <UniqueIdentifier>{28ba7940-b931-4dee-bd77-c7a0e3627280}</UniqueIdentifier>
    </Filter>
    <Filter Include="textures">
      <UniqueIdentifier>{50c6a69f-66ae-4a4c-beea-0603bb409b7f}</UniqueIdentifier>
    </Filter>
  </ItemGroup>
  <ItemGroup>
    <ClInclude Include="include\shader.h">
      <Filter>include</Filter>
    </ClInclude>
    <ClInclude Include="include\texture.h">
      <Filter>include</Filter>
    </ClInclude>
    <ClInclude Include="include\glews.h">
      <Filter>include</Filter>
    </ClInclude>
    <ClInclude Include="include\mesh.h">
      <Filter>include</Filter>
    </ClInclude>
  </ItemGroup>
  <ItemGroup>
    <CopyFileToFolders Include="shaders\basicFS.glsl">
      <Filter>shaders</Filter>
    </CopyFileToFolders>
    <CopyFileToFolders Include="shaders\basicVS.glsl">
      <Filter>shaders</Filter>
    </CopyFileToFolders>
    <CopyFileToFolders Include="textures\container.jpg">
      <Filter>textures</Filter>
    </CopyFileToFolders>
    <CopyFileToFolders Include="textures\awesomeface.png">
      <Filter>textures</Filter>
    </CopyFileToFolders>
  </ItemGroup>
</Project>