<?xml version="1.0" encoding="utf-8"?>
<Project ToolsVersion="4.0" xmlns="http://schemas.microsoft.com/developer/msbuild/2003">
  <ItemGroup>
    <ClCompile Include="..\src\main.cpp" />
    <ClCompile Include="..\src\mesh.cpp" />
    <ClCompile Include="..\src\shader.cpp" />
    <ClCompile Include="..\src\texture.cpp" />
    <ClCompile Include="..\src\window.cpp" />
    <ClCompile Include="..\src\entities\RotatingCube.cpp">
      <Filter>entities</Filter>
    </ClCompile>
    <ClCompile Include="..\externals\glad\src\glad.c" />
    <ClCompile Include="..\src\lineMesh.cpp" />
  </ItemGroup>
  <ItemGroup>
    <ClInclude Include="..\src\mesh.h" />
    <ClInclude Include="..\src\shader.h" />
    <ClInclude Include="..\src\texture.h" />
    <ClInclude Include="..\src\FPScamera.h" />
    <ClInclude Include="..\src\window.h" />
    <ClInclude Include="..\src\entities\RotatingCube.h">
      <Filter>entities</Filter>
    </ClInclude>
    <ClInclude Include="..\src\lineMesh.h" />
  </ItemGroup>
  <ItemGroup>
    <Image Include="$(ResourcesDir)textures\awesomeface.png">
      <Filter>textures</Filter>
    </Image>
    <Image Include="$(ResourcesDir)textures\container.jpg">
      <Filter>textures</Filter>
    </Image>
  </ItemGroup>
  <ItemGroup>
    <None Include="..\src\shaders\basicFS.glsl">
      <Filter>shaders</Filter>
    </None>
    <None Include="..\src\shaders\basicVS.glsl">
      <Filter>shaders</Filter>
    </None>
    <None Include="..\src\shaders\linesFS.glsl">
      <Filter>shaders</Filter>
    </None>
    <None Include="..\src\shaders\linesVS.glsl">
      <Filter>shaders</Filter>
    </None>
  </ItemGroup>
  <ItemGroup>
    <Filter Include="shaders">
      <UniqueIdentifier>{52eef66a-4416-40eb-bc47-e7ba2b6924be}</UniqueIdentifier>
    </Filter>
    <Filter Include="textures">
      <UniqueIdentifier>{bb992c1f-89d9-452d-8d5e-abf00207c84c}</UniqueIdentifier>
    </Filter>
    <Filter Include="entities">
      <UniqueIdentifier>{246078e3-5268-440c-9ec2-920f5a670f41}</UniqueIdentifier>
    </Filter>
  </ItemGroup>
</Project>